{
    "_readme": [
        "This file locks the dependencies of your project to a known state",
        "Read more about it at http://getcomposer.org/doc/01-basic-usage.md#composer-lock-the-lock-file"
    ],
    "hash": "4afa31d69e03383911c59afc90582a61",
    "packages": [

    ],
    "packages-dev": [
        {
            "name": "desarrolla2/timer",
            "version": "dev-master",
            "source": {
                "type": "git",
                "url": "https://github.com/desarrolla2/Timer.git",
                "reference": "0924924b1533d374e4bc8b6b7fea1663eefaf40d"
            },
            "dist": {
                "type": "zip",
                "url": "https://github.com/desarrolla2/Timer/archive/0924924b1533d374e4bc8b6b7fea1663eefaf40d.zip",
                "reference": "0924924b1533d374e4bc8b6b7fea1663eefaf40d",
                "shasum": ""
            },
            "require": {
                "php": ">=5.3.0"
            },
            "type": "library",
            "autoload": {
                "psr-0": {
                    "Desarrolla2\\Timer\\": "src/"
                }
            },
            "license": [
                "MIT"
            ],
            "authors": [
                {
                    "name": "Daniel González",
                    "homepage": "http://desarrolla2.com/",
                    "role": "Developer"
                }
            ],
            "description": "Provide Timer funcionality",
            "keywords": [
                "timer"
            ],
            "time": "2012-10-18 22:29:06"
        },
        {
            "name": "raulfraile/ladybug",
            "version": "dev-master",
            "source": {
                "type": "git",
                "url": "https://github.com/raulfraile/Ladybug.git",
                "reference": "2ebd5f0b70ea239afaff47a3c9d5f9435c4c4772"
            },
            "dist": {
                "type": "zip",
                "url": "https://api.github.com/repos/raulfraile/Ladybug/zipball/2ebd5f0b70ea239afaff47a3c9d5f9435c4c4772",
                "reference": "2ebd5f0b70ea239afaff47a3c9d5f9435c4c4772",
                "shasum": ""
            },
            "require": {
                "php": ">=5.3.0",
                "symfony/serializer": ">=2.0.4",
                "symfony/yaml": ">=2.0.4"
            },
            "type": "library",
            "autoload": {
                "psr-0": {
                    "Ladybug": "lib/"
                }
            },
            "notification-url": "https://packagist.org/downloads/",
            "license": [
                "MIT"
            ],
            "authors": [
                {
                    "name": "Raul Fraile",
                    "email": "raulfraile@gmail.com",
                    "homepage": "http://www.raulfrailebeneyto.com/"
                }
            ],
            "description": "Simple and Extensible PHP Dumper",
            "homepage": "https://github.com/raulfraile/Ladybug",
            "keywords": [
                "dump",
                "ladybug",
                "tree"
            ],
            "time": "2013-03-16 23:08:19"
        },
        {
            "name": "symfony/serializer",
            "version": "dev-master",
            "target-dir": "Symfony/Component/Serializer",
            "source": {
                "type": "git",
                "url": "https://github.com/symfony/Serializer.git",
                "reference": "b7a945a17c135ba3ea4cce9c38aa199c7d00a9a2"
            },
            "dist": {
                "type": "zip",
                "url": "https://api.github.com/repos/symfony/Serializer/zipball/b7a945a17c135ba3ea4cce9c38aa199c7d00a9a2",
                "reference": "b7a945a17c135ba3ea4cce9c38aa199c7d00a9a2",
                "shasum": ""
            },
            "require": {
                "php": ">=5.3.3"
            },
            "type": "library",
            "extra": {
                "branch-alias": {
                    "dev-master": "2.4-dev"
                }
            },
            "autoload": {
                "psr-0": {
                    "Symfony\\Component\\Serializer\\": ""
                }
            },
            "notification-url": "https://packagist.org/downloads/",
            "license": [
                "MIT"
            ],
            "authors": [
                {
                    "name": "Fabien Potencier",
                    "email": "fabien@symfony.com"
                },
                {
                    "name": "Symfony Community",
                    "homepage": "http://symfony.com/contributors"
                }
            ],
            "description": "Symfony Serializer Component",
            "homepage": "http://symfony.com",
            "time": "2013-07-08 13:37:01"
        },
        {
            "name": "symfony/yaml",
            "version": "dev-master",
            "target-dir": "Symfony/Component/Yaml",
            "source": {
                "type": "git",
                "url": "https://github.com/symfony/Yaml.git",
                "reference": "82100c7732c95452702d11433aad50988700d36c"
            },
            "dist": {
                "type": "zip",
                "url": "https://api.github.com/repos/symfony/Yaml/zipball/82100c7732c95452702d11433aad50988700d36c",
                "reference": "82100c7732c95452702d11433aad50988700d36c",
                "shasum": ""
            },
            "require": {
                "php": ">=5.3.3"
            },
            "type": "library",
            "extra": {
                "branch-alias": {
                    "dev-master": "2.4-dev"
                }
            },
            "autoload": {
                "psr-0": {
                    "Symfony\\Component\\Yaml\\": ""
                }
            },
            "notification-url": "https://packagist.org/downloads/",
            "license": [
                "MIT"
            ],
            "authors": [
                {
                    "name": "Fabien Potencier",
                    "email": "fabien@symfony.com"
                },
                {
                    "name": "Symfony Community",
                    "homepage": "http://symfony.com/contributors"
                }
            ],
            "description": "Symfony Yaml Component",
            "homepage": "http://symfony.com",
            "time": "2013-05-16 07:54:39"
        }
    ],
    "aliases": [

    ],
    "minimum-stability": "dev",
    "stability-flags": {
        "raulfraile/ladybug": 20,
        "desarrolla2/timer": 20
    },
    "platform": {
        "php": ">=5.3.0"
    },
    "platform-dev": [

    ]
}
